// !$*UTF8*$!
{
	archiveVersion = 1;
	classes = {
	};
	objectVersion = 46;
	objects = {

/* Begin PBXBuildFile section */
		8BA834C3F3F54EDEB9A116A8 /* libPods.a in Frameworks */ = {isa = PBXBuildFile; fileRef = 1D143B1E0C2949BD975D0259 /* libPods.a */; };
		D7173EBC199A82E300AE29C3 /* DataReceiver.m in Sources */ = {isa = PBXBuildFile; fileRef = D7173EBB199A82E300AE29C3 /* DataReceiver.m */; };
		D7173EBF199A86EB00AE29C3 /* Question.m in Sources */ = {isa = PBXBuildFile; fileRef = D7173EBE199A86EB00AE29C3 /* Question.m */; };
		D7173EC3199AEFBD00AE29C3 /* Package.m in Sources */ = {isa = PBXBuildFile; fileRef = D7173EC2199AEFBC00AE29C3 /* Package.m */; };
		D72252C6199A363100F0D5C4 /* Foundation.framework in Frameworks */ = {isa = PBXBuildFile; fileRef = D72252C5199A363100F0D5C4 /* Foundation.framework */; };
		D72252C8199A363100F0D5C4 /* CoreGraphics.framework in Frameworks */ = {isa = PBXBuildFile; fileRef = D72252C7199A363100F0D5C4 /* CoreGraphics.framework */; };
		D72252CA199A363100F0D5C4 /* UIKit.framework in Frameworks */ = {isa = PBXBuildFile; fileRef = D72252C9199A363100F0D5C4 /* UIKit.framework */; };
		D72252D0199A363100F0D5C4 /* InfoPlist.strings in Resources */ = {isa = PBXBuildFile; fileRef = D72252CE199A363100F0D5C4 /* InfoPlist.strings */; };
		D72252D2199A363100F0D5C4 /* main.m in Sources */ = {isa = PBXBuildFile; fileRef = D72252D1199A363100F0D5C4 /* main.m */; };
		D72252D6199A363100F0D5C4 /* AppDelegate.m in Sources */ = {isa = PBXBuildFile; fileRef = D72252D5199A363100F0D5C4 /* AppDelegate.m */; };
		D72252D9199A363100F0D5C4 /* Main.storyboard in Resources */ = {isa = PBXBuildFile; fileRef = D72252D7199A363100F0D5C4 /* Main.storyboard */; };
		D72252DC199A363100F0D5C4 /* MainViewController.m in Sources */ = {isa = PBXBuildFile; fileRef = D72252DB199A363100F0D5C4 /* MainViewController.m */; };
		D72252DE199A363100F0D5C4 /* Images.xcassets in Resources */ = {isa = PBXBuildFile; fileRef = D72252DD199A363100F0D5C4 /* Images.xcassets */; };
		D72252E5199A363100F0D5C4 /* XCTest.framework in Frameworks */ = {isa = PBXBuildFile; fileRef = D72252E4199A363100F0D5C4 /* XCTest.framework */; };
		D72252E6199A363100F0D5C4 /* Foundation.framework in Frameworks */ = {isa = PBXBuildFile; fileRef = D72252C5199A363100F0D5C4 /* Foundation.framework */; };
		D72252E7199A363100F0D5C4 /* UIKit.framework in Frameworks */ = {isa = PBXBuildFile; fileRef = D72252C9199A363100F0D5C4 /* UIKit.framework */; };
		D72252EF199A363100F0D5C4 /* InfoPlist.strings in Resources */ = {isa = PBXBuildFile; fileRef = D72252ED199A363100F0D5C4 /* InfoPlist.strings */; };
		D72252F1199A363100F0D5C4 /* MenoriiTests.m in Sources */ = {isa = PBXBuildFile; fileRef = D72252F0199A363100F0D5C4 /* MenoriiTests.m */; };
		D72BAFDC199BA3AF0091B02F /* PackageViewController.m in Sources */ = {isa = PBXBuildFile; fileRef = D72BAFDB199BA3AF0091B02F /* PackageViewController.m */; };
		D72BAFDF199BA3D80091B02F /* QuestionViewController.m in Sources */ = {isa = PBXBuildFile; fileRef = D72BAFDE199BA3D80091B02F /* QuestionViewController.m */; };
		D72BAFE2199BFFFA0091B02F /* UIAlertView+Blocks.m in Sources */ = {isa = PBXBuildFile; fileRef = D72BAFE1199BFFFA0091B02F /* UIAlertView+Blocks.m */; };
		D72BAFE5199C20E70091B02F /* Answer.m in Sources */ = {isa = PBXBuildFile; fileRef = D72BAFE4199C20E70091B02F /* Answer.m */; };
		D75764DC199FBA69007E3C03 /* Crashlytics.framework in Frameworks */ = {isa = PBXBuildFile; fileRef = D75764DB199FBA69007E3C03 /* Crashlytics.framework */; };
		D780B87919A79333009D7E25 /* PackageManager.m in Sources */ = {isa = PBXBuildFile; fileRef = D780B87819A79333009D7E25 /* PackageManager.m */; };
		D780B87C19A79451009D7E25 /* PackagesViewModel.m in Sources */ = {isa = PBXBuildFile; fileRef = D780B87B19A79451009D7E25 /* PackagesViewModel.m */; };
		D780B88219A7A85F009D7E25 /* PackageViewModel.m in Sources */ = {isa = PBXBuildFile; fileRef = D780B88119A7A85F009D7E25 /* PackageViewModel.m */; };
		D780B88519A7A86F009D7E25 /* QuestionViewModel.m in Sources */ = {isa = PBXBuildFile; fileRef = D780B88419A7A86F009D7E25 /* QuestionViewModel.m */; };
/* End PBXBuildFile section */

/* Begin PBXContainerItemProxy section */
		D72252E8199A363100F0D5C4 /* PBXContainerItemProxy */ = {
			isa = PBXContainerItemProxy;
			containerPortal = D72252BA199A363100F0D5C4 /* Project object */;
			proxyType = 1;
			remoteGlobalIDString = D72252C1199A363100F0D5C4;
			remoteInfo = Menorii;
		};
/* End PBXContainerItemProxy section */

/* Begin PBXFileReference section */
		1D143B1E0C2949BD975D0259 /* libPods.a */ = {isa = PBXFileReference; explicitFileType = archive.ar; includeInIndex = 0; path = libPods.a; sourceTree = BUILT_PRODUCTS_DIR; };
		647AE67C364B4BFEBB2025F2 /* Pods.xcconfig */ = {isa = PBXFileReference; includeInIndex = 1; lastKnownFileType = text.xcconfig; name = Pods.xcconfig; path = Pods/Pods.xcconfig; sourceTree = "<group>"; };
		D7173EBA199A82E300AE29C3 /* DataReceiver.h */ = {isa = PBXFileReference; fileEncoding = 4; lastKnownFileType = sourcecode.c.h; path = DataReceiver.h; sourceTree = "<group>"; };
		D7173EBB199A82E300AE29C3 /* DataReceiver.m */ = {isa = PBXFileReference; fileEncoding = 4; lastKnownFileType = sourcecode.c.objc; path = DataReceiver.m; sourceTree = "<group>"; };
		D7173EBD199A86EB00AE29C3 /* Question.h */ = {isa = PBXFileReference; fileEncoding = 4; lastKnownFileType = sourcecode.c.h; path = Question.h; sourceTree = "<group>"; };
		D7173EBE199A86EB00AE29C3 /* Question.m */ = {isa = PBXFileReference; fileEncoding = 4; lastKnownFileType = sourcecode.c.objc; path = Question.m; sourceTree = "<group>"; };
		D7173EC1199AEFBC00AE29C3 /* Package.h */ = {isa = PBXFileReference; fileEncoding = 4; lastKnownFileType = sourcecode.c.h; path = Package.h; sourceTree = "<group>"; };
		D7173EC2199AEFBC00AE29C3 /* Package.m */ = {isa = PBXFileReference; fileEncoding = 4; lastKnownFileType = sourcecode.c.objc; path = Package.m; sourceTree = "<group>"; };
		D72252C2199A363100F0D5C4 /* Menorii.app */ = {isa = PBXFileReference; explicitFileType = wrapper.application; includeInIndex = 0; path = Menorii.app; sourceTree = BUILT_PRODUCTS_DIR; };
		D72252C5199A363100F0D5C4 /* Foundation.framework */ = {isa = PBXFileReference; lastKnownFileType = wrapper.framework; name = Foundation.framework; path = System/Library/Frameworks/Foundation.framework; sourceTree = SDKROOT; };
		D72252C7199A363100F0D5C4 /* CoreGraphics.framework */ = {isa = PBXFileReference; lastKnownFileType = wrapper.framework; name = CoreGraphics.framework; path = System/Library/Frameworks/CoreGraphics.framework; sourceTree = SDKROOT; };
		D72252C9199A363100F0D5C4 /* UIKit.framework */ = {isa = PBXFileReference; lastKnownFileType = wrapper.framework; name = UIKit.framework; path = System/Library/Frameworks/UIKit.framework; sourceTree = SDKROOT; };
		D72252CD199A363100F0D5C4 /* Menorii-Info.plist */ = {isa = PBXFileReference; lastKnownFileType = text.plist.xml; path = "Menorii-Info.plist"; sourceTree = "<group>"; };
		D72252CF199A363100F0D5C4 /* en */ = {isa = PBXFileReference; lastKnownFileType = text.plist.strings; name = en; path = en.lproj/InfoPlist.strings; sourceTree = "<group>"; };
		D72252D1199A363100F0D5C4 /* main.m */ = {isa = PBXFileReference; lastKnownFileType = sourcecode.c.objc; path = main.m; sourceTree = "<group>"; };
		D72252D3199A363100F0D5C4 /* Menorii-Prefix.pch */ = {isa = PBXFileReference; lastKnownFileType = sourcecode.c.h; path = "Menorii-Prefix.pch"; sourceTree = "<group>"; };
		D72252D4199A363100F0D5C4 /* AppDelegate.h */ = {isa = PBXFileReference; lastKnownFileType = sourcecode.c.h; path = AppDelegate.h; sourceTree = "<group>"; };
		D72252D5199A363100F0D5C4 /* AppDelegate.m */ = {isa = PBXFileReference; lastKnownFileType = sourcecode.c.objc; path = AppDelegate.m; sourceTree = "<group>"; };
		D72252D8199A363100F0D5C4 /* Base */ = {isa = PBXFileReference; lastKnownFileType = file.storyboard; name = Base; path = Base.lproj/Main.storyboard; sourceTree = "<group>"; };
		D72252DA199A363100F0D5C4 /* MainViewController.h */ = {isa = PBXFileReference; lastKnownFileType = sourcecode.c.h; path = MainViewController.h; sourceTree = "<group>"; };
		D72252DB199A363100F0D5C4 /* MainViewController.m */ = {isa = PBXFileReference; lastKnownFileType = sourcecode.c.objc; path = MainViewController.m; sourceTree = "<group>"; };
		D72252DD199A363100F0D5C4 /* Images.xcassets */ = {isa = PBXFileReference; lastKnownFileType = folder.assetcatalog; path = Images.xcassets; sourceTree = "<group>"; };
		D72252E3199A363100F0D5C4 /* MenoriiTests.xctest */ = {isa = PBXFileReference; explicitFileType = wrapper.cfbundle; includeInIndex = 0; path = MenoriiTests.xctest; sourceTree = BUILT_PRODUCTS_DIR; };
		D72252E4199A363100F0D5C4 /* XCTest.framework */ = {isa = PBXFileReference; lastKnownFileType = wrapper.framework; name = XCTest.framework; path = Library/Frameworks/XCTest.framework; sourceTree = DEVELOPER_DIR; };
		D72252EC199A363100F0D5C4 /* MenoriiTests-Info.plist */ = {isa = PBXFileReference; lastKnownFileType = text.plist.xml; path = "MenoriiTests-Info.plist"; sourceTree = "<group>"; };
		D72252EE199A363100F0D5C4 /* en */ = {isa = PBXFileReference; lastKnownFileType = text.plist.strings; name = en; path = en.lproj/InfoPlist.strings; sourceTree = "<group>"; };
		D72252F0199A363100F0D5C4 /* MenoriiTests.m */ = {isa = PBXFileReference; lastKnownFileType = sourcecode.c.objc; path = MenoriiTests.m; sourceTree = "<group>"; };
		D72BAFDA199BA3AF0091B02F /* PackageViewController.h */ = {isa = PBXFileReference; fileEncoding = 4; lastKnownFileType = sourcecode.c.h; path = PackageViewController.h; sourceTree = "<group>"; };
		D72BAFDB199BA3AF0091B02F /* PackageViewController.m */ = {isa = PBXFileReference; fileEncoding = 4; lastKnownFileType = sourcecode.c.objc; path = PackageViewController.m; sourceTree = "<group>"; };
		D72BAFDD199BA3D80091B02F /* QuestionViewController.h */ = {isa = PBXFileReference; fileEncoding = 4; lastKnownFileType = sourcecode.c.h; path = QuestionViewController.h; sourceTree = "<group>"; };
		D72BAFDE199BA3D80091B02F /* QuestionViewController.m */ = {isa = PBXFileReference; fileEncoding = 4; lastKnownFileType = sourcecode.c.objc; path = QuestionViewController.m; sourceTree = "<group>"; };
		D72BAFE0199BFFFA0091B02F /* UIAlertView+Blocks.h */ = {isa = PBXFileReference; fileEncoding = 4; lastKnownFileType = sourcecode.c.h; path = "UIAlertView+Blocks.h"; sourceTree = "<group>"; };
		D72BAFE1199BFFFA0091B02F /* UIAlertView+Blocks.m */ = {isa = PBXFileReference; fileEncoding = 4; lastKnownFileType = sourcecode.c.objc; path = "UIAlertView+Blocks.m"; sourceTree = "<group>"; };
		D72BAFE3199C20E70091B02F /* Answer.h */ = {isa = PBXFileReference; fileEncoding = 4; lastKnownFileType = sourcecode.c.h; path = Answer.h; sourceTree = "<group>"; };
		D72BAFE4199C20E70091B02F /* Answer.m */ = {isa = PBXFileReference; fileEncoding = 4; lastKnownFileType = sourcecode.c.objc; path = Answer.m; sourceTree = "<group>"; };
		D75764DB199FBA69007E3C03 /* Crashlytics.framework */ = {isa = PBXFileReference; lastKnownFileType = wrapper.framework; path = Crashlytics.framework; sourceTree = "<group>"; };
		D780B87719A79333009D7E25 /* PackageManager.h */ = {isa = PBXFileReference; fileEncoding = 4; lastKnownFileType = sourcecode.c.h; path = PackageManager.h; sourceTree = "<group>"; };
		D780B87819A79333009D7E25 /* PackageManager.m */ = {isa = PBXFileReference; fileEncoding = 4; lastKnownFileType = sourcecode.c.objc; path = PackageManager.m; sourceTree = "<group>"; };
		D780B87A19A79451009D7E25 /* PackagesViewModel.h */ = {isa = PBXFileReference; fileEncoding = 4; lastKnownFileType = sourcecode.c.h; path = PackagesViewModel.h; sourceTree = "<group>"; };
		D780B87B19A79451009D7E25 /* PackagesViewModel.m */ = {isa = PBXFileReference; fileEncoding = 4; lastKnownFileType = sourcecode.c.objc; path = PackagesViewModel.m; sourceTree = "<group>"; };
		D780B88019A7A85F009D7E25 /* PackageViewModel.h */ = {isa = PBXFileReference; fileEncoding = 4; lastKnownFileType = sourcecode.c.h; path = PackageViewModel.h; sourceTree = "<group>"; };
		D780B88119A7A85F009D7E25 /* PackageViewModel.m */ = {isa = PBXFileReference; fileEncoding = 4; lastKnownFileType = sourcecode.c.objc; path = PackageViewModel.m; sourceTree = "<group>"; };
		D780B88319A7A86F009D7E25 /* QuestionViewModel.h */ = {isa = PBXFileReference; fileEncoding = 4; lastKnownFileType = sourcecode.c.h; path = QuestionViewModel.h; sourceTree = "<group>"; };
		D780B88419A7A86F009D7E25 /* QuestionViewModel.m */ = {isa = PBXFileReference; fileEncoding = 4; lastKnownFileType = sourcecode.c.objc; path = QuestionViewModel.m; sourceTree = "<group>"; };
/* End PBXFileReference section */

/* Begin PBXFrameworksBuildPhase section */
		D72252BF199A363100F0D5C4 /* Frameworks */ = {
			isa = PBXFrameworksBuildPhase;
			buildActionMask = 2147483647;
			files = (
				D72252C8199A363100F0D5C4 /* CoreGraphics.framework in Frameworks */,
				D75764DC199FBA69007E3C03 /* Crashlytics.framework in Frameworks */,
				D72252CA199A363100F0D5C4 /* UIKit.framework in Frameworks */,
				D72252C6199A363100F0D5C4 /* Foundation.framework in Frameworks */,
				8BA834C3F3F54EDEB9A116A8 /* libPods.a in Frameworks */,
			);
			runOnlyForDeploymentPostprocessing = 0;
		};
		D72252E0199A363100F0D5C4 /* Frameworks */ = {
			isa = PBXFrameworksBuildPhase;
			buildActionMask = 2147483647;
			files = (
				D72252E5199A363100F0D5C4 /* XCTest.framework in Frameworks */,
				D72252E7199A363100F0D5C4 /* UIKit.framework in Frameworks */,
				D72252E6199A363100F0D5C4 /* Foundation.framework in Frameworks */,
			);
			runOnlyForDeploymentPostprocessing = 0;
		};
/* End PBXFrameworksBuildPhase section */

/* Begin PBXGroup section */
		D7173EC0199AE84F00AE29C3 /* Model */ = {
			isa = PBXGroup;
			children = (
				D72BAFE3199C20E70091B02F /* Answer.h */,
				D72BAFE4199C20E70091B02F /* Answer.m */,
				D7173EBD199A86EB00AE29C3 /* Question.h */,
				D7173EBE199A86EB00AE29C3 /* Question.m */,
				D7173EC1199AEFBC00AE29C3 /* Package.h */,
				D7173EC2199AEFBC00AE29C3 /* Package.m */,
				D780B87519A78B39009D7E25 /* Cache */,
				D780B87619A78B43009D7E25 /* Persistent */,
				D780B87419A78A98009D7E25 /* DataProvider */,
			);
			name = Model;
			sourceTree = "<group>";
		};
		D72252B9199A363100F0D5C4 = {
			isa = PBXGroup;
			children = (
				D72252CB199A363100F0D5C4 /* Menorii */,
				D72252EA199A363100F0D5C4 /* MenoriiTests */,
				D72252C4199A363100F0D5C4 /* Frameworks */,
				D72252C3199A363100F0D5C4 /* Products */,
				647AE67C364B4BFEBB2025F2 /* Pods.xcconfig */,
			);
			sourceTree = "<group>";
		};
		D72252C3199A363100F0D5C4 /* Products */ = {
			isa = PBXGroup;
			children = (
				D72252C2199A363100F0D5C4 /* Menorii.app */,
				D72252E3199A363100F0D5C4 /* MenoriiTests.xctest */,
			);
			name = Products;
			sourceTree = "<group>";
		};
		D72252C4199A363100F0D5C4 /* Frameworks */ = {
			isa = PBXGroup;
			children = (
				D75764DB199FBA69007E3C03 /* Crashlytics.framework */,
				D72252C5199A363100F0D5C4 /* Foundation.framework */,
				D72252C7199A363100F0D5C4 /* CoreGraphics.framework */,
				D72252C9199A363100F0D5C4 /* UIKit.framework */,
				D72252E4199A363100F0D5C4 /* XCTest.framework */,
				1D143B1E0C2949BD975D0259 /* libPods.a */,
			);
			name = Frameworks;
			sourceTree = "<group>";
		};
		D72252CB199A363100F0D5C4 /* Menorii */ = {
			isa = PBXGroup;
			children = (
				D72252D4199A363100F0D5C4 /* AppDelegate.h */,
				D72252D5199A363100F0D5C4 /* AppDelegate.m */,
				D72252D7199A363100F0D5C4 /* Main.storyboard */,
				D7173EC0199AE84F00AE29C3 /* Model */,
				D780B87019A787F1009D7E25 /* View */,
				D780B86F19A787C7009D7E25 /* ViewModel */,
				D780B87119A7881F009D7E25 /* ViewController */,
				D780B87319A7890E009D7E25 /* Components */,
				D72252DD199A363100F0D5C4 /* Images.xcassets */,
				D72252CC199A363100F0D5C4 /* Supporting Files */,
			);
			path = Menorii;
			sourceTree = "<group>";
		};
		D72252CC199A363100F0D5C4 /* Supporting Files */ = {
			isa = PBXGroup;
			children = (
				D72252CD199A363100F0D5C4 /* Menorii-Info.plist */,
				D72252CE199A363100F0D5C4 /* InfoPlist.strings */,
				D72252D1199A363100F0D5C4 /* main.m */,
				D72252D3199A363100F0D5C4 /* Menorii-Prefix.pch */,
			);
			name = "Supporting Files";
			sourceTree = "<group>";
		};
		D72252EA199A363100F0D5C4 /* MenoriiTests */ = {
			isa = PBXGroup;
			children = (
				D72252F0199A363100F0D5C4 /* MenoriiTests.m */,
				D72252EB199A363100F0D5C4 /* Supporting Files */,
			);
			path = MenoriiTests;
			sourceTree = "<group>";
		};
		D72252EB199A363100F0D5C4 /* Supporting Files */ = {
			isa = PBXGroup;
			children = (
				D72252EC199A363100F0D5C4 /* MenoriiTests-Info.plist */,
				D72252ED199A363100F0D5C4 /* InfoPlist.strings */,
			);
			name = "Supporting Files";
			sourceTree = "<group>";
		};
		D780B86F19A787C7009D7E25 /* ViewModel */ = {
			isa = PBXGroup;
			children = (
				D780B87A19A79451009D7E25 /* PackagesViewModel.h */,
				D780B87B19A79451009D7E25 /* PackagesViewModel.m */,
				D780B88019A7A85F009D7E25 /* PackageViewModel.h */,
				D780B88119A7A85F009D7E25 /* PackageViewModel.m */,
				D780B88319A7A86F009D7E25 /* QuestionViewModel.h */,
				D780B88419A7A86F009D7E25 /* QuestionViewModel.m */,
			);
			name = ViewModel;
			sourceTree = "<group>";
		};
		D780B87019A787F1009D7E25 /* View */ = {
			isa = PBXGroup;
			children = (
			);
			name = View;
			sourceTree = "<group>";
		};
		D780B87119A7881F009D7E25 /* ViewController */ = {
			isa = PBXGroup;
			children = (
				D72252DA199A363100F0D5C4 /* MainViewController.h */,
				D72252DB199A363100F0D5C4 /* MainViewController.m */,
				D72BAFDA199BA3AF0091B02F /* PackageViewController.h */,
				D72BAFDB199BA3AF0091B02F /* PackageViewController.m */,
				D72BAFDD199BA3D80091B02F /* QuestionViewController.h */,
				D72BAFDE199BA3D80091B02F /* QuestionViewController.m */,
			);
			name = ViewController;
			sourceTree = "<group>";
		};
		D780B87319A7890E009D7E25 /* Components */ = {
			isa = PBXGroup;
			children = (
				D72BAFE0199BFFFA0091B02F /* UIAlertView+Blocks.h */,
				D72BAFE1199BFFFA0091B02F /* UIAlertView+Blocks.m */,
			);
			name = Components;
			sourceTree = "<group>";
		};
		D780B87419A78A98009D7E25 /* DataProvider */ = {
			isa = PBXGroup;
			children = (
				D7173EBA199A82E300AE29C3 /* DataReceiver.h */,
				D7173EBB199A82E300AE29C3 /* DataReceiver.m */,
				D780B87719A79333009D7E25 /* PackageManager.h */,
				D780B87819A79333009D7E25 /* PackageManager.m */,
			);
			name = DataProvider;
			sourceTree = "<group>";
		};
		D780B87519A78B39009D7E25 /* Cache */ = {
			isa = PBXGroup;
			children = (
			);
			name = Cache;
			sourceTree = "<group>";
		};
		D780B87619A78B43009D7E25 /* Persistent */ = {
			isa = PBXGroup;
			children = (
			);
			name = Persistent;
			sourceTree = "<group>";
		};
/* End PBXGroup section */

/* Begin PBXNativeTarget section */
		D72252C1199A363100F0D5C4 /* Menorii */ = {
			isa = PBXNativeTarget;
			buildConfigurationList = D72252F4199A363100F0D5C4 /* Build configuration list for PBXNativeTarget "Menorii" */;
			buildPhases = (
				C6DD21AA099745AE8A57F994 /* Check Pods Manifest.lock */,
				D72252BE199A363100F0D5C4 /* Sources */,
				D72252BF199A363100F0D5C4 /* Frameworks */,
				D72252C0199A363100F0D5C4 /* Resources */,
				4AD92793D32741B29736866E /* Copy Pods Resources */,
				D75764DA199FBA17007E3C03 /* ShellScript */,
			);
			buildRules = (
			);
			dependencies = (
			);
			name = Menorii;
			productName = Menorii;
			productReference = D72252C2199A363100F0D5C4 /* Menorii.app */;
			productType = "com.apple.product-type.application";
		};
		D72252E2199A363100F0D5C4 /* MenoriiTests */ = {
			isa = PBXNativeTarget;
			buildConfigurationList = D72252F7199A363100F0D5C4 /* Build configuration list for PBXNativeTarget "MenoriiTests" */;
			buildPhases = (
				D72252DF199A363100F0D5C4 /* Sources */,
				D72252E0199A363100F0D5C4 /* Frameworks */,
				D72252E1199A363100F0D5C4 /* Resources */,
			);
			buildRules = (
			);
			dependencies = (
				D72252E9199A363100F0D5C4 /* PBXTargetDependency */,
			);
			name = MenoriiTests;
			productName = MenoriiTests;
			productReference = D72252E3199A363100F0D5C4 /* MenoriiTests.xctest */;
			productType = "com.apple.product-type.bundle.unit-test";
		};
/* End PBXNativeTarget section */

/* Begin PBXProject section */
		D72252BA199A363100F0D5C4 /* Project object */ = {
			isa = PBXProject;
			attributes = {
				LastUpgradeCheck = 0510;
				ORGANIZATIONNAME = "Ricardo Pereira";
				TargetAttributes = {
					D72252C1199A363100F0D5C4 = {
						DevelopmentTeam = JC9BAC9Y39;
					};
					D72252E2199A363100F0D5C4 = {
						TestTargetID = D72252C1199A363100F0D5C4;
					};
				};
			};
			buildConfigurationList = D72252BD199A363100F0D5C4 /* Build configuration list for PBXProject "Menorii" */;
			compatibilityVersion = "Xcode 3.2";
			developmentRegion = English;
			hasScannedForEncodings = 0;
			knownRegions = (
				en,
				Base,
			);
			mainGroup = D72252B9199A363100F0D5C4;
			productRefGroup = D72252C3199A363100F0D5C4 /* Products */;
			projectDirPath = "";
			projectRoot = "";
			targets = (
				D72252C1199A363100F0D5C4 /* Menorii */,
				D72252E2199A363100F0D5C4 /* MenoriiTests */,
			);
		};
/* End PBXProject section */

/* Begin PBXResourcesBuildPhase section */
		D72252C0199A363100F0D5C4 /* Resources */ = {
			isa = PBXResourcesBuildPhase;
			buildActionMask = 2147483647;
			files = (
				D72252DE199A363100F0D5C4 /* Images.xcassets in Resources */,
				D72252D0199A363100F0D5C4 /* InfoPlist.strings in Resources */,
				D72252D9199A363100F0D5C4 /* Main.storyboard in Resources */,
			);
			runOnlyForDeploymentPostprocessing = 0;
		};
		D72252E1199A363100F0D5C4 /* Resources */ = {
			isa = PBXResourcesBuildPhase;
			buildActionMask = 2147483647;
			files = (
				D72252EF199A363100F0D5C4 /* InfoPlist.strings in Resources */,
			);
			runOnlyForDeploymentPostprocessing = 0;
		};
/* End PBXResourcesBuildPhase section */

/* Begin PBXShellScriptBuildPhase section */
		4AD92793D32741B29736866E /* Copy Pods Resources */ = {
			isa = PBXShellScriptBuildPhase;
			buildActionMask = 2147483647;
			files = (
			);
			inputPaths = (
			);
			name = "Copy Pods Resources";
			outputPaths = (
			);
			runOnlyForDeploymentPostprocessing = 0;
			shellPath = /bin/sh;
			shellScript = "\"${SRCROOT}/Pods/Pods-resources.sh\"\n";
			showEnvVarsInLog = 0;
		};
		C6DD21AA099745AE8A57F994 /* Check Pods Manifest.lock */ = {
			isa = PBXShellScriptBuildPhase;
			buildActionMask = 2147483647;
			files = (
			);
			inputPaths = (
			);
			name = "Check Pods Manifest.lock";
			outputPaths = (
			);
			runOnlyForDeploymentPostprocessing = 0;
			shellPath = /bin/sh;
			shellScript = "diff \"${PODS_ROOT}/../Podfile.lock\" \"${PODS_ROOT}/Manifest.lock\" > /dev/null\nif [[ $? != 0 ]] ; then\n    cat << EOM\nerror: The sandbox is not in sync with the Podfile.lock. Run 'pod install' or update your CocoaPods installation.\nEOM\n    exit 1\nfi\n";
			showEnvVarsInLog = 0;
		};
		D75764DA199FBA17007E3C03 /* ShellScript */ = {
			isa = PBXShellScriptBuildPhase;
			buildActionMask = 2147483647;
			files = (
			);
			inputPaths = (
			);
			outputPaths = (
			);
			runOnlyForDeploymentPostprocessing = 0;
			shellPath = /bin/sh;
			shellScript = "./Crashlytics.framework/run d8e4a998430741c25fc8939d85d1dee852ab2fb9 8308acaf8c93919e2529b47da88cb698cc27f681926b48b8b57f38e1e0c367dd";
		};
/* End PBXShellScriptBuildPhase section */

/* Begin PBXSourcesBuildPhase section */
		D72252BE199A363100F0D5C4 /* Sources */ = {
			isa = PBXSourcesBuildPhase;
			buildActionMask = 2147483647;
			files = (
				D780B87919A79333009D7E25 /* PackageManager.m in Sources */,
				D7173EC3199AEFBD00AE29C3 /* Package.m in Sources */,
				D72252DC199A363100F0D5C4 /* MainViewController.m in Sources */,
				D780B87C19A79451009D7E25 /* PackagesViewModel.m in Sources */,
				D72BAFDF199BA3D80091B02F /* QuestionViewController.m in Sources */,
				D72BAFE2199BFFFA0091B02F /* UIAlertView+Blocks.m in Sources */,
				D72252D6199A363100F0D5C4 /* AppDelegate.m in Sources */,
				D7173EBF199A86EB00AE29C3 /* Question.m in Sources */,
				D7173EBC199A82E300AE29C3 /* DataReceiver.m in Sources */,
				D72252D2199A363100F0D5C4 /* main.m in Sources */,
				D780B88219A7A85F009D7E25 /* PackageViewModel.m in Sources */,
				D780B88519A7A86F009D7E25 /* QuestionViewModel.m in Sources */,
				D72BAFDC199BA3AF0091B02F /* PackageViewController.m in Sources */,
				D72BAFE5199C20E70091B02F /* Answer.m in Sources */,
			);
			runOnlyForDeploymentPostprocessing = 0;
		};
		D72252DF199A363100F0D5C4 /* Sources */ = {
			isa = PBXSourcesBuildPhase;
			buildActionMask = 2147483647;
			files = (
				D72252F1199A363100F0D5C4 /* MenoriiTests.m in Sources */,
			);
			runOnlyForDeploymentPostprocessing = 0;
		};
/* End PBXSourcesBuildPhase section */

/* Begin PBXTargetDependency section */
		D72252E9199A363100F0D5C4 /* PBXTargetDependency */ = {
			isa = PBXTargetDependency;
			target = D72252C1199A363100F0D5C4 /* Menorii */;
			targetProxy = D72252E8199A363100F0D5C4 /* PBXContainerItemProxy */;
		};
/* End PBXTargetDependency section */

/* Begin PBXVariantGroup section */
		D72252CE199A363100F0D5C4 /* InfoPlist.strings */ = {
			isa = PBXVariantGroup;
			children = (
				D72252CF199A363100F0D5C4 /* en */,
			);
			name = InfoPlist.strings;
			sourceTree = "<group>";
		};
		D72252D7199A363100F0D5C4 /* Main.storyboard */ = {
			isa = PBXVariantGroup;
			children = (
				D72252D8199A363100F0D5C4 /* Base */,
			);
			name = Main.storyboard;
			sourceTree = "<group>";
		};
		D72252ED199A363100F0D5C4 /* InfoPlist.strings */ = {
			isa = PBXVariantGroup;
			children = (
				D72252EE199A363100F0D5C4 /* en */,
			);
			name = InfoPlist.strings;
			sourceTree = "<group>";
		};
/* End PBXVariantGroup section */

/* Begin XCBuildConfiguration section */
		D72252F2199A363100F0D5C4 /* Debug */ = {
			isa = XCBuildConfiguration;
			buildSettings = {
				ALWAYS_SEARCH_USER_PATHS = NO;
				CLANG_CXX_LANGUAGE_STANDARD = "gnu++0x";
				CLANG_CXX_LIBRARY = "libc++";
				CLANG_ENABLE_MODULES = YES;
				CLANG_ENABLE_OBJC_ARC = YES;
				CLANG_WARN_BOOL_CONVERSION = YES;
				CLANG_WARN_CONSTANT_CONVERSION = YES;
				CLANG_WARN_DIRECT_OBJC_ISA_USAGE = YES_ERROR;
				CLANG_WARN_EMPTY_BODY = YES;
				CLANG_WARN_ENUM_CONVERSION = YES;
				CLANG_WARN_INT_CONVERSION = YES;
				CLANG_WARN_OBJC_ROOT_CLASS = YES_ERROR;
				CLANG_WARN__DUPLICATE_METHOD_MATCH = YES;
				"CODE_SIGN_IDENTITY[sdk=iphoneos*]" = "iPhone Developer";
				COPY_PHASE_STRIP = NO;
				GCC_C_LANGUAGE_STANDARD = gnu99;
				GCC_DYNAMIC_NO_PIC = NO;
				GCC_OPTIMIZATION_LEVEL = 0;
				GCC_PREPROCESSOR_DEFINITIONS = (
					"DEBUG=1",
					"$(inherited)",
				);
				GCC_SYMBOLS_PRIVATE_EXTERN = NO;
				GCC_WARN_64_TO_32_BIT_CONVERSION = YES;
				GCC_WARN_ABOUT_RETURN_TYPE = YES_ERROR;
				GCC_WARN_UNDECLARED_SELECTOR = YES;
				GCC_WARN_UNINITIALIZED_AUTOS = YES_AGGRESSIVE;
				GCC_WARN_UNUSED_FUNCTION = YES;
				GCC_WARN_UNUSED_VARIABLE = YES;
				IPHONEOS_DEPLOYMENT_TARGET = 7.1;
				ONLY_ACTIVE_ARCH = YES;
				SDKROOT = iphoneos;
			};
			name = Debug;
		};
		D72252F3199A363100F0D5C4 /* Release */ = {
			isa = XCBuildConfiguration;
			buildSettings = {
				ALWAYS_SEARCH_USER_PATHS = NO;
				CLANG_CXX_LANGUAGE_STANDARD = "gnu++0x";
				CLANG_CXX_LIBRARY = "libc++";
				CLANG_ENABLE_MODULES = YES;
				CLANG_ENABLE_OBJC_ARC = YES;
				CLANG_WARN_BOOL_CONVERSION = YES;
				CLANG_WARN_CONSTANT_CONVERSION = YES;
				CLANG_WARN_DIRECT_OBJC_ISA_USAGE = YES_ERROR;
				CLANG_WARN_EMPTY_BODY = YES;
				CLANG_WARN_ENUM_CONVERSION = YES;
				CLANG_WARN_INT_CONVERSION = YES;
				CLANG_WARN_OBJC_ROOT_CLASS = YES_ERROR;
				CLANG_WARN__DUPLICATE_METHOD_MATCH = YES;
				"CODE_SIGN_IDENTITY[sdk=iphoneos*]" = "iPhone Developer";
				COPY_PHASE_STRIP = YES;
				ENABLE_NS_ASSERTIONS = NO;
				GCC_C_LANGUAGE_STANDARD = gnu99;
				GCC_WARN_64_TO_32_BIT_CONVERSION = YES;
				GCC_WARN_ABOUT_RETURN_TYPE = YES_ERROR;
				GCC_WARN_UNDECLARED_SELECTOR = YES;
				GCC_WARN_UNINITIALIZED_AUTOS = YES_AGGRESSIVE;
				GCC_WARN_UNUSED_FUNCTION = YES;
				GCC_WARN_UNUSED_VARIABLE = YES;
				IPHONEOS_DEPLOYMENT_TARGET = 7.1;
				SDKROOT = iphoneos;
				VALIDATE_PRODUCT = YES;
			};
			name = Release;
		};
		D72252F5199A363100F0D5C4 /* Debug */ = {
			isa = XCBuildConfiguration;
			baseConfigurationReference = 647AE67C364B4BFEBB2025F2 /* Pods.xcconfig */;
			buildSettings = {
				ASSETCATALOG_COMPILER_APPICON_NAME = AppIcon;
				ASSETCATALOG_COMPILER_LAUNCHIMAGE_NAME = LaunchImage;
				CODE_SIGN_IDENTITY = "iPhone Developer";
				FRAMEWORK_SEARCH_PATHS = (
					"$(inherited)",
					"$(PROJECT_DIR)",
				);
				GCC_PRECOMPILE_PREFIX_HEADER = YES;
				GCC_PREFIX_HEADER = "Menorii/Menorii-Prefix.pch";
				INFOPLIST_FILE = "Menorii/Menorii-Info.plist";
				IPHONEOS_DEPLOYMENT_TARGET = 7.0;
				PRODUCT_NAME = "$(TARGET_NAME)";
				WRAPPER_EXTENSION = app;
			};
			name = Debug;
		};
		D72252F6199A363100F0D5C4 /* Release */ = {
			isa = XCBuildConfiguration;
			baseConfigurationReference = 647AE67C364B4BFEBB2025F2 /* Pods.xcconfig */;
			buildSettings = {
				ASSETCATALOG_COMPILER_APPICON_NAME = AppIcon;
				ASSETCATALOG_COMPILER_LAUNCHIMAGE_NAME = LaunchImage;
				CODE_SIGN_IDENTITY = "iPhone Developer";
				FRAMEWORK_SEARCH_PATHS = (
					"$(inherited)",
					"$(PROJECT_DIR)",
				);
				GCC_PRECOMPILE_PREFIX_HEADER = YES;
				GCC_PREFIX_HEADER = "Menorii/Menorii-Prefix.pch";
				INFOPLIST_FILE = "Menorii/Menorii-Info.plist";
				IPHONEOS_DEPLOYMENT_TARGET = 7.0;
				PRODUCT_NAME = "$(TARGET_NAME)";
				PROVISIONING_PROFILE = "646495c9-0c13-4500-b9e9-5fd3d3901b36";
				WRAPPER_EXTENSION = app;
			};
			name = Release;
		};
		D72252F8199A363100F0D5C4 /* Debug */ = {
			isa = XCBuildConfiguration;
			buildSettings = {
				BUNDLE_LOADER = "$(BUILT_PRODUCTS_DIR)/Menorii.app/Menorii";
				FRAMEWORK_SEARCH_PATHS = (
					"$(SDKROOT)/Developer/Library/Frameworks",
					"$(inherited)",
					"$(DEVELOPER_FRAMEWORKS_DIR)",
				);
				GCC_PRECOMPILE_PREFIX_HEADER = YES;
				GCC_PREFIX_HEADER = "Menorii/Menorii-Prefix.pch";
				GCC_PREPROCESSOR_DEFINITIONS = (
					"DEBUG=1",
					"$(inherited)",
				);
				INFOPLIST_FILE = "MenoriiTests/MenoriiTests-Info.plist";
				PRODUCT_NAME = "$(TARGET_NAME)";
				TEST_HOST = "$(BUNDLE_LOADER)";
				WRAPPER_EXTENSION = xctest;
			};
			name = Debug;
		};
		D72252F9199A363100F0D5C4 /* Release */ = {
			isa = XCBuildConfiguration;
			buildSettings = {
				BUNDLE_LOADER = "$(BUILT_PRODUCTS_DIR)/Menorii.app/Menorii";
				FRAMEWORK_SEARCH_PATHS = (
					"$(SDKROOT)/Developer/Library/Frameworks",
					"$(inherited)",
					"$(DEVELOPER_FRAMEWORKS_DIR)",
				);
				GCC_PRECOMPILE_PREFIX_HEADER = YES;
				GCC_PREFIX_HEADER = "Menorii/Menorii-Prefix.pch";
				INFOPLIST_FILE = "MenoriiTests/MenoriiTests-Info.plist";
				PRODUCT_NAME = "$(TARGET_NAME)";
				TEST_HOST = "$(BUNDLE_LOADER)";
				WRAPPER_EXTENSION = xctest;
			};
			name = Release;
		};
/* End XCBuildConfiguration section */

/* Begin XCConfigurationList section */
		D72252BD199A363100F0D5C4 /* Build configuration list for PBXProject "Menorii" */ = {
			isa = XCConfigurationList;
			buildConfigurations = (
				D72252F2199A363100F0D5C4 /* Debug */,
				D72252F3199A363100F0D5C4 /* Release */,
			);
			defaultConfigurationIsVisible = 0;
			defaultConfigurationName = Release;
		};
		D72252F4199A363100F0D5C4 /* Build configuration list for PBXNativeTarget "Menorii" */ = {
			isa = XCConfigurationList;
			buildConfigurations = (
				D72252F5199A363100F0D5C4 /* Debug */,
				D72252F6199A363100F0D5C4 /* Release */,
			);
			defaultConfigurationIsVisible = 0;
			defaultConfigurationName = Release;
		};
		D72252F7199A363100F0D5C4 /* Build configuration list for PBXNativeTarget "MenoriiTests" */ = {
			isa = XCConfigurationList;
			buildConfigurations = (
				D72252F8199A363100F0D5C4 /* Debug */,
				D72252F9199A363100F0D5C4 /* Release */,
			);
			defaultConfigurationIsVisible = 0;
			defaultConfigurationName = Release;
		};
/* End XCConfigurationList section */
	};
	rootObject = D72252BA199A363100F0D5C4 /* Project object */;
}
